
Microsoft Visual Studio Solution File, Format Version 12.00
# Visual Studio 2013
VisualStudioVersion = 12.0.31101.0
MinimumVisualStudioVersion = 10.0.40219.1
Project("{FAE04EC0-301F-11D3-BF4B-00C04F79EFBC}") = "TestJenkins", "TestJenkins\TestJenkins.csproj", "{2C2382DF-FE09-423C-917A-F1DF4AC2B774}"
EndProject
Project("{FAE04EC0-301F-11D3-BF4B-00C04F79EFBC}") = "TestJenkins.Tests", "TestJenkins.Tests\TestJenkins.Tests.csproj", "{05088DBA-8C23-4FDD-9CD3-BE63B5AF9089}"
EndProject
Global
	GlobalSection(SolutionConfigurationPlatforms) = preSolution
		Debug|Any CPU = Debug|Any CPU
		Release|Any CPU = Release|Any CPU
	EndGlobalSection
	GlobalSection(ProjectConfigurationPlatforms) = postSolution
		{2C2382DF-FE09-423C-917A-F1DF4AC2B774}.Debug|Any CPU.ActiveCfg = Debug|Any CPU
		{2C2382DF-FE09-423C-917A-F1DF4AC2B774}.Debug|Any CPU.Build.0 = Debug|Any CPU
		{2C2382DF-FE09-423C-917A-F1DF4AC2B774}.Release|Any CPU.ActiveCfg = Release|Any CPU
		{2C2382DF-FE09-423C-917A-F1DF4AC2B774}.Release|Any CPU.Build.0 = Release|Any CPU
		{05088DBA-8C23-4FDD-9CD3-BE63B5AF9089}.Debug|Any CPU.ActiveCfg = Debug|Any CPU
		{05088DBA-8C23-4FDD-9CD3-BE63B5AF9089}.Debug|Any CPU.Build.0 = Debug|Any CPU
		{05088DBA-8C23-4FDD-9CD3-BE63B5AF9089}.Release|Any CPU.ActiveCfg = Release|Any CPU
		{05088DBA-8C23-4FDD-9CD3-BE63B5AF9089}.Release|Any CPU.Build.0 = Release|Any CPU
	EndGlobalSection
	GlobalSection(SolutionProperties) = preSolution
		HideSolutionNode = FALSE
	EndGlobalSection
EndGlobal
